
Microsoft Visual Studio Solution File, Format Version 12.00
# Visual Studio 2012
Project("{8BC9CEB8-8B4A-11D0-8D11-00A0C91BC942}") = "HLSLShaderCompiler", "HLSLShaderCompiler\HLSLShaderCompiler.vcxproj", "{A9574435-CDC0-49DA-9A28-2F93D2C36022}"
EndProject
Global
	GlobalSection(SolutionConfigurationPlatforms) = preSolution
		Debug|Win32 = Debug|Win32
		Release|Win32 = Release|Win32
	EndGlobalSection
	GlobalSection(ProjectConfigurationPlatforms) = postSolution
		{A9574435-CDC0-49DA-9A28-2F93D2C36022}.Debug|Win32.ActiveCfg = Debug|Win32
		{A9574435-CDC0-49DA-9A28-2F93D2C36022}.Debug|Win32.Build.0 = Debug|Win32
		{A9574435-CDC0-49DA-9A28-2F93D2C36022}.Release|Win32.ActiveCfg = Release|Win32
		{A9574435-CDC0-49DA-9A28-2F93D2C36022}.Release|Win32.Build.0 = Release|Win32
	EndGlobalSection
	GlobalSection(SolutionProperties) = preSolution
		HideSolutionNode = FALSE
	EndGlobalSection
EndGlobal
